
Microsoft Visual Studio Solution File, Format Version 12.00
# Visual Studio Version 17
VisualStudioVersion = 17.1.32407.343
MinimumVisualStudioVersion = 10.0.40219.1
Project("{FAE04EC0-301F-11D3-BF4B-00C04F79EFBC}") = "BTL_QLTV", "BTL_QLTV.csproj", "{BE77D322-7535-467C-9CC8-004D80E31EBD}"
EndProject
Global
	GlobalSection(SolutionConfigurationPlatforms) = preSolution
		Debug|Any CPU = Debug|Any CPU
		Release|Any CPU = Release|Any CPU
	EndGlobalSection
	GlobalSection(ProjectConfigurationPlatforms) = postSolution
		{BE77D322-7535-467C-9CC8-004D80E31EBD}.Debug|Any CPU.ActiveCfg = Debug|Any CPU
		{BE77D322-7535-467C-9CC8-004D80E31EBD}.Debug|Any CPU.Build.0 = Debug|Any CPU
		{BE77D322-7535-467C-9CC8-004D80E31EBD}.Release|Any CPU.ActiveCfg = Release|Any CPU
		{BE77D322-7535-467C-9CC8-004D80E31EBD}.Release|Any CPU.Build.0 = Release|Any CPU
	EndGlobalSection
	GlobalSection(SolutionProperties) = preSolution
		HideSolutionNode = FALSE
	EndGlobalSection
	GlobalSection(ExtensibilityGlobals) = postSolution
		SolutionGuid = {EDB6109C-901F-4084-8F85-23D8CF504705}
	EndGlobalSection
EndGlobal
